
Microsoft Visual Studio Solution File, Format Version 12.00
Project("{FAE04EC0-301F-11D3-BF4B-00C04F79EFBC}") = "RaceGUI", "RaceGUI\RaceGUI.csproj", "{DB929ED6-B766-49EB-ADB6-91EC3847DEF3}"
EndProject
Project("{FAE04EC0-301F-11D3-BF4B-00C04F79EFBC}") = "lab", "..\lab\lab.csproj", "{535FBE6A-3402-4184-9BD4-9D2562DCBDF5}"
EndProject
Global
	GlobalSection(SolutionConfigurationPlatforms) = preSolution
		Debug|Any CPU = Debug|Any CPU
		Release|Any CPU = Release|Any CPU
	EndGlobalSection
	GlobalSection(ProjectConfigurationPlatforms) = postSolution
		{DB929ED6-B766-49EB-ADB6-91EC3847DEF3}.Debug|Any CPU.ActiveCfg = Debug|Any CPU
		{DB929ED6-B766-49EB-ADB6-91EC3847DEF3}.Debug|Any CPU.Build.0 = Debug|Any CPU
		{DB929ED6-B766-49EB-ADB6-91EC3847DEF3}.Release|Any CPU.ActiveCfg = Release|Any CPU
		{DB929ED6-B766-49EB-ADB6-91EC3847DEF3}.Release|Any CPU.Build.0 = Release|Any CPU
		{535FBE6A-3402-4184-9BD4-9D2562DCBDF5}.Debug|Any CPU.ActiveCfg = Debug|Any CPU
		{535FBE6A-3402-4184-9BD4-9D2562DCBDF5}.Debug|Any CPU.Build.0 = Debug|Any CPU
		{535FBE6A-3402-4184-9BD4-9D2562DCBDF5}.Release|Any CPU.ActiveCfg = Release|Any CPU
		{535FBE6A-3402-4184-9BD4-9D2562DCBDF5}.Release|Any CPU.Build.0 = Release|Any CPU
	EndGlobalSection
EndGlobal
